
Microsoft Visual Studio Solution File, Format Version 12.00
Project("{FAE04EC0-301F-11D3-BF4B-00C04F79EFBC}") = "KB.AvaloniaCore", "KB.AvaloniaCore\KB.AvaloniaCore.csproj", "{1E8F9C08-E7BE-4AC0-AE59-86B2A3E8B3F8}"
EndProject
Project("{2150E333-8FDC-42A3-9474-1A3956D46DE8}") = "KB.BehaviourTree", "KB.BehaviourTree", "{886DD779-010E-4FAC-960A-21A05E476805}"
EndProject
Project("{FAE04EC0-301F-11D3-BF4B-00C04F79EFBC}") = "KB.BehaviourTree", "KB.BehaviourTree\KB.BehaviourTree\KB.BehaviourTree.csproj", "{CE6ECADA-E875-48E3-A74E-F44D8CBA4C11}"
EndProject
Project("{2150E333-8FDC-42A3-9474-1A3956D46DE8}") = "KB.ConsoleCompanion", "KB.ConsoleCompanion", "{10950257-0AF1-4B42-991C-863A4CFE2247}"
EndProject
Project("{FAE04EC0-301F-11D3-BF4B-00C04F79EFBC}") = "KB.ConsoleCompanion", "KB.ConsoleCompanion\KB.ConsoleCompanion\KB.ConsoleCompanion.csproj", "{30F15CBE-48A5-4E41-BDB4-408EF518391C}"
EndProject
Project("{2150E333-8FDC-42A3-9474-1A3956D46DE8}") = "KB.RealStateAgencyCompanion", "KB.RealStateAgencyCompanion", "{D82F7678-5F58-45C6-B2CA-7655BE43A68F}"
EndProject
Project("{FAE04EC0-301F-11D3-BF4B-00C04F79EFBC}") = "KB.RealStateAgencyCompanion", "KB.RealStateAgencyCompanion\KB.RealStateAgencyCompanion\KB.RealStateAgencyCompanion.csproj", "{226FCF57-F6E0-4D0F-AA31-4AEB64987689}"
EndProject
Global
	GlobalSection(SolutionConfigurationPlatforms) = preSolution
		Debug|Any CPU = Debug|Any CPU
		Release|Any CPU = Release|Any CPU
	EndGlobalSection
	GlobalSection(ProjectConfigurationPlatforms) = postSolution
		{1E8F9C08-E7BE-4AC0-AE59-86B2A3E8B3F8}.Debug|Any CPU.ActiveCfg = Debug|Any CPU
		{1E8F9C08-E7BE-4AC0-AE59-86B2A3E8B3F8}.Debug|Any CPU.Build.0 = Debug|Any CPU
		{1E8F9C08-E7BE-4AC0-AE59-86B2A3E8B3F8}.Release|Any CPU.ActiveCfg = Release|Any CPU
		{1E8F9C08-E7BE-4AC0-AE59-86B2A3E8B3F8}.Release|Any CPU.Build.0 = Release|Any CPU
		{CE6ECADA-E875-48E3-A74E-F44D8CBA4C11}.Debug|Any CPU.ActiveCfg = Debug|Any CPU
		{CE6ECADA-E875-48E3-A74E-F44D8CBA4C11}.Debug|Any CPU.Build.0 = Debug|Any CPU
		{CE6ECADA-E875-48E3-A74E-F44D8CBA4C11}.Release|Any CPU.ActiveCfg = Release|Any CPU
		{CE6ECADA-E875-48E3-A74E-F44D8CBA4C11}.Release|Any CPU.Build.0 = Release|Any CPU
		{30F15CBE-48A5-4E41-BDB4-408EF518391C}.Debug|Any CPU.ActiveCfg = Debug|Any CPU
		{30F15CBE-48A5-4E41-BDB4-408EF518391C}.Debug|Any CPU.Build.0 = Debug|Any CPU
		{30F15CBE-48A5-4E41-BDB4-408EF518391C}.Release|Any CPU.ActiveCfg = Release|Any CPU
		{30F15CBE-48A5-4E41-BDB4-408EF518391C}.Release|Any CPU.Build.0 = Release|Any CPU
		{226FCF57-F6E0-4D0F-AA31-4AEB64987689}.Debug|Any CPU.ActiveCfg = Debug|Any CPU
		{226FCF57-F6E0-4D0F-AA31-4AEB64987689}.Debug|Any CPU.Build.0 = Debug|Any CPU
		{226FCF57-F6E0-4D0F-AA31-4AEB64987689}.Release|Any CPU.ActiveCfg = Release|Any CPU
		{226FCF57-F6E0-4D0F-AA31-4AEB64987689}.Release|Any CPU.Build.0 = Release|Any CPU
	EndGlobalSection
	GlobalSection(NestedProjects) = preSolution
		{CE6ECADA-E875-48E3-A74E-F44D8CBA4C11} = {886DD779-010E-4FAC-960A-21A05E476805}
		{30F15CBE-48A5-4E41-BDB4-408EF518391C} = {10950257-0AF1-4B42-991C-863A4CFE2247}
		{226FCF57-F6E0-4D0F-AA31-4AEB64987689} = {D82F7678-5F58-45C6-B2CA-7655BE43A68F}
	EndGlobalSection
EndGlobal
