
Microsoft Visual Studio Solution File, Format Version 12.00
Project("{FAE04EC0-301F-11D3-BF4B-00C04F79EFBC}") = "KB.AvaloniaCore", "KB.AvaloniaCore\KB.AvaloniaCore.csproj", "{1E8F9C08-E7BE-4AC0-AE59-86B2A3E8B3F8}"
EndProject
Project("{2150E333-8FDC-42A3-9474-1A3956D46DE8}") = "KB.ConsoleCompanion", "KB.ConsoleCompanion", "{10950257-0AF1-4B42-991C-863A4CFE2247}"
EndProject
Project("{FAE04EC0-301F-11D3-BF4B-00C04F79EFBC}") = "KB.SharpCore", "KB.SharpCore\KB.SharpCore.csproj", "{E3E44999-4ABA-4CF2-8CB1-DEDD907C072B}"
EndProject
Project("{FAE04EC0-301F-11D3-BF4B-00C04F79EFBC}") = "KB.ConsoleCompanionStandalone", "KB.ConsoleCompanion\KB.ConsoleCompanionStandalone\KB.ConsoleCompanionStandalone.csproj", "{E4F57D06-57C6-40A8-B421-EC58B3E63553}"
EndProject
Global
	GlobalSection(SolutionConfigurationPlatforms) = preSolution
		Debug|Any CPU = Debug|Any CPU
		Release|Any CPU = Release|Any CPU
	EndGlobalSection
	GlobalSection(ProjectConfigurationPlatforms) = postSolution
		{1E8F9C08-E7BE-4AC0-AE59-86B2A3E8B3F8}.Debug|Any CPU.ActiveCfg = Debug|Any CPU
		{1E8F9C08-E7BE-4AC0-AE59-86B2A3E8B3F8}.Debug|Any CPU.Build.0 = Debug|Any CPU
		{1E8F9C08-E7BE-4AC0-AE59-86B2A3E8B3F8}.Release|Any CPU.ActiveCfg = Release|Any CPU
		{1E8F9C08-E7BE-4AC0-AE59-86B2A3E8B3F8}.Release|Any CPU.Build.0 = Release|Any CPU
		{E3E44999-4ABA-4CF2-8CB1-DEDD907C072B}.Debug|Any CPU.ActiveCfg = Debug|Any CPU
		{E3E44999-4ABA-4CF2-8CB1-DEDD907C072B}.Debug|Any CPU.Build.0 = Debug|Any CPU
		{E3E44999-4ABA-4CF2-8CB1-DEDD907C072B}.Release|Any CPU.ActiveCfg = Release|Any CPU
		{E3E44999-4ABA-4CF2-8CB1-DEDD907C072B}.Release|Any CPU.Build.0 = Release|Any CPU
		{E4F57D06-57C6-40A8-B421-EC58B3E63553}.Debug|Any CPU.ActiveCfg = Debug|Any CPU
		{E4F57D06-57C6-40A8-B421-EC58B3E63553}.Debug|Any CPU.Build.0 = Debug|Any CPU
		{E4F57D06-57C6-40A8-B421-EC58B3E63553}.Release|Any CPU.ActiveCfg = Release|Any CPU
		{E4F57D06-57C6-40A8-B421-EC58B3E63553}.Release|Any CPU.Build.0 = Release|Any CPU
	EndGlobalSection
	GlobalSection(NestedProjects) = preSolution
		{E4F57D06-57C6-40A8-B421-EC58B3E63553} = {10950257-0AF1-4B42-991C-863A4CFE2247}
	EndGlobalSection
EndGlobal
